
Microsoft Visual Studio Solution File, Format Version 12.00
# Visual Studio Version 16
VisualStudioVersion = 16.0.32413.511
MinimumVisualStudioVersion = 10.0.40219.1
Project("{FAE04EC0-301F-11D3-BF4B-00C04F79EFBC}") = "Fiorello-Slider", "Fiorello-Slider\Fiorello-Slider.csproj", "{828E843C-26F2-4D18-A159-1BFEC6BD8347}"
EndProject
Global
	GlobalSection(SolutionConfigurationPlatforms) = preSolution
		Debug|Any CPU = Debug|Any CPU
		Release|Any CPU = Release|Any CPU
	EndGlobalSection
	GlobalSection(ProjectConfigurationPlatforms) = postSolution
		{828E843C-26F2-4D18-A159-1BFEC6BD8347}.Debug|Any CPU.ActiveCfg = Debug|Any CPU
		{828E843C-26F2-4D18-A159-1BFEC6BD8347}.Debug|Any CPU.Build.0 = Debug|Any CPU
		{828E843C-26F2-4D18-A159-1BFEC6BD8347}.Release|Any CPU.ActiveCfg = Release|Any CPU
		{828E843C-26F2-4D18-A159-1BFEC6BD8347}.Release|Any CPU.Build.0 = Release|Any CPU
	EndGlobalSection
	GlobalSection(SolutionProperties) = preSolution
		HideSolutionNode = FALSE
	EndGlobalSection
	GlobalSection(ExtensibilityGlobals) = postSolution
		SolutionGuid = {E2EFA437-334E-4B81-AE09-8EF2245098FD}
	EndGlobalSection
EndGlobal
